
Microsoft Visual Studio Solution File, Format Version 12.00
# Visual Studio 15
VisualStudioVersion = 15.0.28307.572
MinimumVisualStudioVersion = 10.0.40219.1
Project("{FAE04EC0-301F-11D3-BF4B-00C04F79EFBC}") = "MililtaryScheduler", "MililtaryScheduler\MililtaryScheduler.csproj", "{EEA0D132-46FB-4081-9213-810E009D95B4}"
EndProject
Global
	GlobalSection(SolutionConfigurationPlatforms) = preSolution
		Debug|Any CPU = Debug|Any CPU
		Release|Any CPU = Release|Any CPU
	EndGlobalSection
	GlobalSection(ProjectConfigurationPlatforms) = postSolution
		{EEA0D132-46FB-4081-9213-810E009D95B4}.Debug|Any CPU.ActiveCfg = Debug|Any CPU
		{EEA0D132-46FB-4081-9213-810E009D95B4}.Debug|Any CPU.Build.0 = Debug|Any CPU
		{EEA0D132-46FB-4081-9213-810E009D95B4}.Release|Any CPU.ActiveCfg = Release|Any CPU
		{EEA0D132-46FB-4081-9213-810E009D95B4}.Release|Any CPU.Build.0 = Release|Any CPU
	EndGlobalSection
	GlobalSection(SolutionProperties) = preSolution
		HideSolutionNode = FALSE
	EndGlobalSection
	GlobalSection(ExtensibilityGlobals) = postSolution
		SolutionGuid = {EAEB2720-85DE-44E9-8853-5DE270E1853F}
	EndGlobalSection
EndGlobal
